
Microsoft Visual Studio Solution File, Format Version 12.00
# Visual Studio Version 17
VisualStudioVersion = 17.14.36301.6
MinimumVisualStudioVersion = 10.0.40219.1
Project("{8BC9CEB8-8B4A-11D0-8D11-00A0C91BC942}") = "SXIMath", "SXIMath\SXIMath.vcxproj", "{E9798A06-F2D5-4BE9-99C7-0C0759FDB8FB}"
EndProject
Project("{8BC9CEB8-8B4A-11D0-8D11-00A0C91BC942}") = "SXIPathfinding", "SXIPathfinding\SXIPathfinding.vcxproj", "{A4E7D0B1-C962-45D7-B9C0-A3E0C2272084}"
	ProjectSection(ProjectDependencies) = postProject
		{E9798A06-F2D5-4BE9-99C7-0C0759FDB8FB} = {E9798A06-F2D5-4BE9-99C7-0C0759FDB8FB}
	EndProjectSection
EndProject
Project("{8BC9CEB8-8B4A-11D0-8D11-00A0C91BC942}") = "SXIRenderer", "SXIRenderer\SXIRenderer.vcxproj", "{3B0107A5-78CF-40EE-BF48-6335E9021BEF}"
	ProjectSection(ProjectDependencies) = postProject
		{E9798A06-F2D5-4BE9-99C7-0C0759FDB8FB} = {E9798A06-F2D5-4BE9-99C7-0C0759FDB8FB}
	EndProjectSection
EndProject
Project("{8BC9CEB8-8B4A-11D0-8D11-00A0C91BC942}") = "MysteriousGame", "MysteriousGame\MysteriousGame.vcxproj", "{E9FFC19E-BA5C-4CCB-8485-2EFE710BDF41}"
	ProjectSection(ProjectDependencies) = postProject
		{3B0107A5-78CF-40EE-BF48-6335E9021BEF} = {3B0107A5-78CF-40EE-BF48-6335E9021BEF}
		{83B65798-E55D-4915-88B4-D1A9637CC105} = {83B65798-E55D-4915-88B4-D1A9637CC105}
		{A4E7D0B1-C962-45D7-B9C0-A3E0C2272084} = {A4E7D0B1-C962-45D7-B9C0-A3E0C2272084}
		{E9798A06-F2D5-4BE9-99C7-0C0759FDB8FB} = {E9798A06-F2D5-4BE9-99C7-0C0759FDB8FB}
	EndProjectSection
EndProject
Project("{8BC9CEB8-8B4A-11D0-8D11-00A0C91BC942}") = "SXICore", "SXICore\SXICore.vcxproj", "{83B65798-E55D-4915-88B4-D1A9637CC105}"
EndProject
Project("{2150E333-8FDC-42A3-9474-1A3956D46DE8}") = "Solution Items", "Solution Items", "{8EC462FD-D22E-90A8-E5CE-7E832BA40C5D}"
	ProjectSection(SolutionItems) = preProject
		.gitignore = .gitignore
		README.md = README.md
	EndProjectSection
EndProject
Global
	GlobalSection(SolutionConfigurationPlatforms) = preSolution
		Debug|x64 = Debug|x64
		Release|x64 = Release|x64
	EndGlobalSection
	GlobalSection(ProjectConfigurationPlatforms) = postSolution
		{E9798A06-F2D5-4BE9-99C7-0C0759FDB8FB}.Debug|x64.ActiveCfg = Debug|x64
		{E9798A06-F2D5-4BE9-99C7-0C0759FDB8FB}.Debug|x64.Build.0 = Debug|x64
		{E9798A06-F2D5-4BE9-99C7-0C0759FDB8FB}.Release|x64.ActiveCfg = Release|x64
		{E9798A06-F2D5-4BE9-99C7-0C0759FDB8FB}.Release|x64.Build.0 = Release|x64
		{A4E7D0B1-C962-45D7-B9C0-A3E0C2272084}.Debug|x64.ActiveCfg = Debug|x64
		{A4E7D0B1-C962-45D7-B9C0-A3E0C2272084}.Debug|x64.Build.0 = Debug|x64
		{A4E7D0B1-C962-45D7-B9C0-A3E0C2272084}.Release|x64.ActiveCfg = Release|x64
		{A4E7D0B1-C962-45D7-B9C0-A3E0C2272084}.Release|x64.Build.0 = Release|x64
		{3B0107A5-78CF-40EE-BF48-6335E9021BEF}.Debug|x64.ActiveCfg = Debug|x64
		{3B0107A5-78CF-40EE-BF48-6335E9021BEF}.Debug|x64.Build.0 = Debug|x64
		{3B0107A5-78CF-40EE-BF48-6335E9021BEF}.Release|x64.ActiveCfg = Release|x64
		{3B0107A5-78CF-40EE-BF48-6335E9021BEF}.Release|x64.Build.0 = Release|x64
		{E9FFC19E-BA5C-4CCB-8485-2EFE710BDF41}.Debug|x64.ActiveCfg = Debug|x64
		{E9FFC19E-BA5C-4CCB-8485-2EFE710BDF41}.Debug|x64.Build.0 = Debug|x64
		{E9FFC19E-BA5C-4CCB-8485-2EFE710BDF41}.Release|x64.ActiveCfg = Release|x64
		{E9FFC19E-BA5C-4CCB-8485-2EFE710BDF41}.Release|x64.Build.0 = Release|x64
		{83B65798-E55D-4915-88B4-D1A9637CC105}.Debug|x64.ActiveCfg = Debug|x64
		{83B65798-E55D-4915-88B4-D1A9637CC105}.Debug|x64.Build.0 = Debug|x64
		{83B65798-E55D-4915-88B4-D1A9637CC105}.Release|x64.ActiveCfg = Release|x64
		{83B65798-E55D-4915-88B4-D1A9637CC105}.Release|x64.Build.0 = Release|x64
	EndGlobalSection
	GlobalSection(SolutionProperties) = preSolution
		HideSolutionNode = FALSE
	EndGlobalSection
	GlobalSection(ExtensibilityGlobals) = postSolution
		SolutionGuid = {AC935D1A-B013-4870-A152-681A5ACC881E}
	EndGlobalSection
EndGlobal
